
Microsoft Visual Studio Solution File, Format Version 12.00
# Visual Studio Version 16
VisualStudioVersion = 16.0.29215.179
MinimumVisualStudioVersion = 10.0.40219.1
Project("{8BC9CEB8-8B4A-11D0-8D11-00A0C91BC942}") = "CefClientWindows", "CefClientWindows\CefClientWindows.vcxproj", "{1319BCBC-21D8-46EA-82FE-AF04F58D0CEA}"
	ProjectSection(ProjectDependencies) = postProject
		{F0C23CB2-DBA1-4C2A-8564-ED2901F1EBCD} = {F0C23CB2-DBA1-4C2A-8564-ED2901F1EBCD}
	EndProjectSection
EndProject
Project("{8BC9CEB8-8B4A-11D0-8D11-00A0C91BC942}") = "ApoapseCore", "..\ApoapseCore\Code\ApoapseCore.vcxproj", "{8F57335E-BE7D-466B-9860-74AD3ED4F810}"
EndProject
Project("{2150E333-8FDC-42A3-9474-1A3956D46DE8}") = "CefClients", "CefClients", "{0230EC21-938A-4416-8E6D-6E3A5D8137CC}"
EndProject
Project("{8BC9CEB8-8B4A-11D0-8D11-00A0C91BC942}") = "ApoapseClientShared", "ApoapseClientShared\ApoapseClientShared.vcxproj", "{189F8797-4C05-43B2-A5F2-5242E52DE550}"
	ProjectSection(ProjectDependencies) = postProject
		{8F57335E-BE7D-466B-9860-74AD3ED4F810} = {8F57335E-BE7D-466B-9860-74AD3ED4F810}
	EndProjectSection
EndProject
Project("{8BC9CEB8-8B4A-11D0-8D11-00A0C91BC942}") = "CefClientShared", "CefClientShared\CefClientShared.vcxproj", "{F0C23CB2-DBA1-4C2A-8564-ED2901F1EBCD}"
EndProject
Project("{2150E333-8FDC-42A3-9474-1A3956D46DE8}") = "DatabaseImpl", "DatabaseImpl", "{298222A4-B4EE-42ED-AB33-EF2DED213AA2}"
EndProject
Project("{8BC9CEB8-8B4A-11D0-8D11-00A0C91BC942}") = "DatabaseImpl.sqlcipher", "..\ApoapseCore\DatabaseImpl.sqlcipher\DatabaseImpl.sqlcipher.vcxproj", "{E395B25C-06DF-4B43-9A98-D6D88342317E}"
EndProject
Project("{8BC9CEB8-8B4A-11D0-8D11-00A0C91BC942}") = "DatabaseImpl.sqlite", "..\ApoapseCore\DatabaseImpl.sqlite\DatabaseImpl.sqlite.vcxproj", "{A1FFE00D-482E-473E-87A5-D849319532E2}"
EndProject
Global
	GlobalSection(SolutionConfigurationPlatforms) = preSolution
		Debug|x64 = Debug|x64
		Debug|x86 = Debug|x86
		Release|x64 = Release|x64
		Release|x86 = Release|x86
	EndGlobalSection
	GlobalSection(ProjectConfigurationPlatforms) = postSolution
		{1319BCBC-21D8-46EA-82FE-AF04F58D0CEA}.Debug|x64.ActiveCfg = Debug|x64
		{1319BCBC-21D8-46EA-82FE-AF04F58D0CEA}.Debug|x64.Build.0 = Debug|x64
		{1319BCBC-21D8-46EA-82FE-AF04F58D0CEA}.Debug|x86.ActiveCfg = Debug|Win32
		{1319BCBC-21D8-46EA-82FE-AF04F58D0CEA}.Debug|x86.Build.0 = Debug|Win32
		{1319BCBC-21D8-46EA-82FE-AF04F58D0CEA}.Release|x64.ActiveCfg = Release|x64
		{1319BCBC-21D8-46EA-82FE-AF04F58D0CEA}.Release|x64.Build.0 = Release|x64
		{1319BCBC-21D8-46EA-82FE-AF04F58D0CEA}.Release|x86.ActiveCfg = Release|Win32
		{1319BCBC-21D8-46EA-82FE-AF04F58D0CEA}.Release|x86.Build.0 = Release|Win32
		{8F57335E-BE7D-466B-9860-74AD3ED4F810}.Debug|x64.ActiveCfg = Debug|x64
		{8F57335E-BE7D-466B-9860-74AD3ED4F810}.Debug|x64.Build.0 = Debug|x64
		{8F57335E-BE7D-466B-9860-74AD3ED4F810}.Debug|x86.ActiveCfg = Debug|Win32
		{8F57335E-BE7D-466B-9860-74AD3ED4F810}.Debug|x86.Build.0 = Debug|Win32
		{8F57335E-BE7D-466B-9860-74AD3ED4F810}.Release|x64.ActiveCfg = Release|x64
		{8F57335E-BE7D-466B-9860-74AD3ED4F810}.Release|x64.Build.0 = Release|x64
		{8F57335E-BE7D-466B-9860-74AD3ED4F810}.Release|x86.ActiveCfg = Release|Win32
		{8F57335E-BE7D-466B-9860-74AD3ED4F810}.Release|x86.Build.0 = Release|Win32
		{189F8797-4C05-43B2-A5F2-5242E52DE550}.Debug|x64.ActiveCfg = Debug|x64
		{189F8797-4C05-43B2-A5F2-5242E52DE550}.Debug|x64.Build.0 = Debug|x64
		{189F8797-4C05-43B2-A5F2-5242E52DE550}.Debug|x86.ActiveCfg = Debug|Win32
		{189F8797-4C05-43B2-A5F2-5242E52DE550}.Debug|x86.Build.0 = Debug|Win32
		{189F8797-4C05-43B2-A5F2-5242E52DE550}.Release|x64.ActiveCfg = Release|x64
		{189F8797-4C05-43B2-A5F2-5242E52DE550}.Release|x64.Build.0 = Release|x64
		{189F8797-4C05-43B2-A5F2-5242E52DE550}.Release|x86.ActiveCfg = Release|Win32
		{189F8797-4C05-43B2-A5F2-5242E52DE550}.Release|x86.Build.0 = Release|Win32
		{F0C23CB2-DBA1-4C2A-8564-ED2901F1EBCD}.Debug|x64.ActiveCfg = Debug|x64
		{F0C23CB2-DBA1-4C2A-8564-ED2901F1EBCD}.Debug|x64.Build.0 = Debug|x64
		{F0C23CB2-DBA1-4C2A-8564-ED2901F1EBCD}.Debug|x86.ActiveCfg = Debug|Win32
		{F0C23CB2-DBA1-4C2A-8564-ED2901F1EBCD}.Debug|x86.Build.0 = Debug|Win32
		{F0C23CB2-DBA1-4C2A-8564-ED2901F1EBCD}.Release|x64.ActiveCfg = Release|x64
		{F0C23CB2-DBA1-4C2A-8564-ED2901F1EBCD}.Release|x64.Build.0 = Release|x64
		{F0C23CB2-DBA1-4C2A-8564-ED2901F1EBCD}.Release|x86.ActiveCfg = Release|Win32
		{F0C23CB2-DBA1-4C2A-8564-ED2901F1EBCD}.Release|x86.Build.0 = Release|Win32
		{E395B25C-06DF-4B43-9A98-D6D88342317E}.Debug|x64.ActiveCfg = Debug|x64
		{E395B25C-06DF-4B43-9A98-D6D88342317E}.Debug|x64.Build.0 = Debug|x64
		{E395B25C-06DF-4B43-9A98-D6D88342317E}.Debug|x86.ActiveCfg = Debug|Win32
		{E395B25C-06DF-4B43-9A98-D6D88342317E}.Debug|x86.Build.0 = Debug|Win32
		{E395B25C-06DF-4B43-9A98-D6D88342317E}.Release|x64.ActiveCfg = Release|x64
		{E395B25C-06DF-4B43-9A98-D6D88342317E}.Release|x64.Build.0 = Release|x64
		{E395B25C-06DF-4B43-9A98-D6D88342317E}.Release|x86.ActiveCfg = Release|Win32
		{E395B25C-06DF-4B43-9A98-D6D88342317E}.Release|x86.Build.0 = Release|Win32
		{A1FFE00D-482E-473E-87A5-D849319532E2}.Debug|x64.ActiveCfg = Debug|x64
		{A1FFE00D-482E-473E-87A5-D849319532E2}.Debug|x64.Build.0 = Debug|x64
		{A1FFE00D-482E-473E-87A5-D849319532E2}.Debug|x86.ActiveCfg = Debug|Win32
		{A1FFE00D-482E-473E-87A5-D849319532E2}.Debug|x86.Build.0 = Debug|Win32
		{A1FFE00D-482E-473E-87A5-D849319532E2}.Release|x64.ActiveCfg = Release|x64
		{A1FFE00D-482E-473E-87A5-D849319532E2}.Release|x64.Build.0 = Release|x64
		{A1FFE00D-482E-473E-87A5-D849319532E2}.Release|x86.ActiveCfg = Release|Win32
		{A1FFE00D-482E-473E-87A5-D849319532E2}.Release|x86.Build.0 = Release|Win32
	EndGlobalSection
	GlobalSection(SolutionProperties) = preSolution
		HideSolutionNode = FALSE
	EndGlobalSection
	GlobalSection(NestedProjects) = preSolution
		{1319BCBC-21D8-46EA-82FE-AF04F58D0CEA} = {0230EC21-938A-4416-8E6D-6E3A5D8137CC}
		{F0C23CB2-DBA1-4C2A-8564-ED2901F1EBCD} = {0230EC21-938A-4416-8E6D-6E3A5D8137CC}
		{E395B25C-06DF-4B43-9A98-D6D88342317E} = {298222A4-B4EE-42ED-AB33-EF2DED213AA2}
		{A1FFE00D-482E-473E-87A5-D849319532E2} = {298222A4-B4EE-42ED-AB33-EF2DED213AA2}
	EndGlobalSection
	GlobalSection(ExtensibilityGlobals) = postSolution
		SolutionGuid = {7BEBA99C-F961-4122-AA6C-6FCBA44F9731}
	EndGlobalSection
EndGlobal
