<?xml version="1.0" encoding="utf-8"?>
<Project ToolsVersion="4.0" xmlns="http://schemas.microsoft.com/developer/msbuild/2003">
  <ItemGroup>
    <ClCompile Include="stdafx.cpp" />
    <ClCompile Include="ClientEntryPoint.cpp" />
    <ClCompile Include="WebResourcesManager.cpp">
      <Filter>UI</Filter>
    </ClCompile>
    <ClCompile Include="HTMLUI.cpp">
      <Filter>UI</Filter>
    </ClCompile>
    <ClCompile Include="ApoapseClient.cpp">
      <Filter>Systems</Filter>
    </ClCompile>
    <ClCompile Include="ClientConnection.cpp">
      <Filter>Network</Filter>
    </ClCompile>
    <ClCompile Include="CmdConnect.cpp">
      <Filter>Commands</Filter>
    </ClCompile>
    <ClCompile Include="CmdServerInfo.cpp">
      <Filter>Commands</Filter>
    </ClCompile>
    <ClCompile Include="CmdRegisterNewUser.cpp">
      <Filter>Commands</Filter>
    </ClCompile>
    <ClCompile Include="CmdCreateRoom.cpp">
      <Filter>Commands</Filter>
    </ClCompile>
    <ClCompile Include="RoomManager.cpp">
      <Filter>Systems</Filter>
    </ClCompile>
    <ClCompile Include="CmdCreateThread.cpp">
      <Filter>Commands</Filter>
    </ClCompile>
    <ClCompile Include="User.cpp">
      <Filter>UsersSystem</Filter>
    </ClCompile>
    <ClCompile Include="ApoapseThread.cpp">
      <Filter>Systems</Filter>
    </ClCompile>
    <ClCompile Include="CmdApoapseMessage.cpp">
      <Filter>Commands</Filter>
    </ClCompile>
    <ClCompile Include="ApoapseMessage.cpp">
      <Filter>Systems</Filter>
    </ClCompile>
    <ClCompile Include="CmdApoapseInstall.cpp">
      <Filter>Commands</Filter>
    </ClCompile>
    <ClCompile Include="CmdFirstUserConnection.cpp">
      <Filter>Commands</Filter>
    </ClCompile>
    <ClCompile Include="CmdSyncRequest.cpp">
      <Filter>Commands</Filter>
    </ClCompile>
    <ClCompile Include="CmdMarkMessageAsRead.cpp">
      <Filter>Commands</Filter>
    </ClCompile>
    <ClCompile Include="CmdNotifyNewUser.cpp">
      <Filter>Commands</Filter>
    </ClCompile>
  </ItemGroup>
  <ItemGroup>
    <ClInclude Include="ClientEntryPoint.h" />
    <ClInclude Include="WebResourcesManager.h">
      <Filter>UI</Filter>
    </ClInclude>
    <ClInclude Include="HTMLUI.h">
      <Filter>UI</Filter>
    </ClInclude>
    <ClInclude Include="ISignalSender.hpp">
      <Filter>UI</Filter>
    </ClInclude>
    <ClInclude Include="ApoapseClient.h">
      <Filter>Systems</Filter>
    </ClInclude>
    <ClInclude Include="ClientConnection.h">
      <Filter>Network</Filter>
    </ClInclude>
    <ClInclude Include="CmdConnect.h">
      <Filter>Commands</Filter>
    </ClInclude>
    <ClInclude Include="User.h">
      <Filter>UsersSystem</Filter>
    </ClInclude>
    <ClInclude Include="LocalUser.h">
      <Filter>UsersSystem</Filter>
    </ClInclude>
    <ClInclude Include="CmdRegisterNewUser.h">
      <Filter>Commands</Filter>
    </ClInclude>
    <ClInclude Include="CmdCreateRoom.h">
      <Filter>Commands</Filter>
    </ClInclude>
    <ClInclude Include="RoomManager.h">
      <Filter>Systems</Filter>
    </ClInclude>
    <ClInclude Include="ClientDatabaseScheme.hpp">
      <Filter>Systems</Filter>
    </ClInclude>
    <ClInclude Include="ApoapseThread.h">
      <Filter>Systems</Filter>
    </ClInclude>
    <ClInclude Include="CmdCreateThread.h">
      <Filter>Commands</Filter>
    </ClInclude>
    <ClInclude Include="ApoapseMessage.h">
      <Filter>Systems</Filter>
    </ClInclude>
    <ClInclude Include="CmdApoapseMessage.h">
      <Filter>Commands</Filter>
    </ClInclude>
    <ClInclude Include="CmdApoapseInstall.h">
      <Filter>Commands</Filter>
    </ClInclude>
    <ClInclude Include="CmdFirstUserConnection.h">
      <Filter>Commands</Filter>
    </ClInclude>
    <ClInclude Include="CmdSyncRequest.h">
      <Filter>Commands</Filter>
    </ClInclude>
    <ClInclude Include="CmdMarkMessageAsRead.h">
      <Filter>Commands</Filter>
    </ClInclude>
  </ItemGroup>
  <ItemGroup>
    <Filter Include="UI">
      <UniqueIdentifier>{2aad6bf9-0bda-429c-bc91-a0fec5b3e69f}</UniqueIdentifier>
    </Filter>
    <Filter Include="Network">
      <UniqueIdentifier>{f30b81ee-1d9a-44c7-bc59-7ef52b625200}</UniqueIdentifier>
    </Filter>
    <Filter Include="Commands">
      <UniqueIdentifier>{64ad570f-b8d7-4d84-affb-e153f972c49e}</UniqueIdentifier>
    </Filter>
    <Filter Include="UsersSystem">
      <UniqueIdentifier>{338cfd4e-30bf-4a3d-a497-cfbcba659684}</UniqueIdentifier>
    </Filter>
    <Filter Include="Tests">
      <UniqueIdentifier>{bafb35f5-2bbc-46e4-9023-1004799655f8}</UniqueIdentifier>
    </Filter>
    <Filter Include="Systems">
      <UniqueIdentifier>{a6d40b2f-b128-4e2b-887f-021905a90af1}</UniqueIdentifier>
    </Filter>
  </ItemGroup>
</Project>